// !$*UTF8*$!
{
	archiveVersion = 1;
	classes = {
	};
	objectVersion = 56;
	objects = {

/* Begin PBXBuildFile section */
		870BA5762BA2E53800C1E558 /* AppDelegate.swift in Sources */ = {isa = PBXBuildFile; fileRef = 870BA5752BA2E53800C1E558 /* AppDelegate.swift */; };
		870BA5782BA2E53800C1E558 /* SceneDelegate.swift in Sources */ = {isa = PBXBuildFile; fileRef = 870BA5772BA2E53800C1E558 /* SceneDelegate.swift */; };
		870BA57A2BA2E53800C1E558 /* ViewController.swift in Sources */ = {isa = PBXBuildFile; fileRef = 870BA5792BA2E53800C1E558 /* ViewController.swift */; };
		870BA57D2BA2E53800C1E558 /* Base in Resources */ = {isa = PBXBuildFile; fileRef = 870BA57C2BA2E53800C1E558 /* Base */; };
		870BA5802BA2E53800C1E558 /* MVC.xcdatamodeld in Sources */ = {isa = PBXBuildFile; fileRef = 870BA57E2BA2E53800C1E558 /* MVC.xcdatamodeld */; };
		870BA5822BA2E53800C1E558 /* Assets.xcassets in Resources */ = {isa = PBXBuildFile; fileRef = 870BA5812BA2E53800C1E558 /* Assets.xcassets */; };
		870BA5852BA2E53800C1E558 /* Base in Resources */ = {isa = PBXBuildFile; fileRef = 870BA5842BA2E53800C1E558 /* Base */; };
		870BA58D2BA2E61A00C1E558 /* ExampleView.swift in Sources */ = {isa = PBXBuildFile; fileRef = 870BA58C2BA2E61A00C1E558 /* ExampleView.swift */; };
/* End PBXBuildFile section */

/* Begin PBXFileReference section */
		870BA5722BA2E53800C1E558 /* MVC.app */ = {isa = PBXFileReference; explicitFileType = wrapper.application; includeInIndex = 0; path = MVC.app; sourceTree = BUILT_PRODUCTS_DIR; };
		870BA5752BA2E53800C1E558 /* AppDelegate.swift */ = {isa = PBXFileReference; lastKnownFileType = sourcecode.swift; path = AppDelegate.swift; sourceTree = "<group>"; };
		870BA5772BA2E53800C1E558 /* SceneDelegate.swift */ = {isa = PBXFileReference; lastKnownFileType = sourcecode.swift; path = SceneDelegate.swift; sourceTree = "<group>"; };
		870BA5792BA2E53800C1E558 /* ViewController.swift */ = {isa = PBXFileReference; lastKnownFileType = sourcecode.swift; path = ViewController.swift; sourceTree = "<group>"; };
		870BA57C2BA2E53800C1E558 /* Base */ = {isa = PBXFileReference; lastKnownFileType = file.storyboard; name = Base; path = Base.lproj/Main.storyboard; sourceTree = "<group>"; };
		870BA57F2BA2E53800C1E558 /* MVC.xcdatamodel */ = {isa = PBXFileReference; lastKnownFileType = wrapper.xcdatamodel; path = MVC.xcdatamodel; sourceTree = "<group>"; };
		870BA5812BA2E53800C1E558 /* Assets.xcassets */ = {isa = PBXFileReference; lastKnownFileType = folder.assetcatalog; path = Assets.xcassets; sourceTree = "<group>"; };
		870BA5842BA2E53800C1E558 /* Base */ = {isa = PBXFileReference; lastKnownFileType = file.storyboard; name = Base; path = Base.lproj/LaunchScreen.storyboard; sourceTree = "<group>"; };
		870BA5862BA2E53800C1E558 /* Info.plist */ = {isa = PBXFileReference; lastKnownFileType = text.plist.xml; path = Info.plist; sourceTree = "<group>"; };
		870BA58C2BA2E61A00C1E558 /* ExampleView.swift */ = {isa = PBXFileReference; lastKnownFileType = sourcecode.swift; path = ExampleView.swift; sourceTree = "<group>"; };
/* End PBXFileReference section */

/* Begin PBXFrameworksBuildPhase section */
		870BA56F2BA2E53800C1E558 /* Frameworks */ = {
			isa = PBXFrameworksBuildPhase;
			buildActionMask = 2147483647;
			files = (
			);
			runOnlyForDeploymentPostprocessing = 0;
		};
/* End PBXFrameworksBuildPhase section */

/* Begin PBXGroup section */
		870BA5692BA2E53700C1E558 = {
			isa = PBXGroup;
			children = (
				870BA5742BA2E53800C1E558 /* MVC */,
				870BA5732BA2E53800C1E558 /* Products */,
			);
			sourceTree = "<group>";
		};
		870BA5732BA2E53800C1E558 /* Products */ = {
			isa = PBXGroup;
			children = (
				870BA5722BA2E53800C1E558 /* MVC.app */,
			);
			name = Products;
			sourceTree = "<group>";
		};
		870BA5742BA2E53800C1E558 /* MVC */ = {
			isa = PBXGroup;
			children = (
				870BA5752BA2E53800C1E558 /* AppDelegate.swift */,
				870BA5772BA2E53800C1E558 /* SceneDelegate.swift */,
				870BA5792BA2E53800C1E558 /* ViewController.swift */,
				870BA57B2BA2E53800C1E558 /* Main.storyboard */,
				870BA5812BA2E53800C1E558 /* Assets.xcassets */,
				870BA5832BA2E53800C1E558 /* LaunchScreen.storyboard */,
				870BA5862BA2E53800C1E558 /* Info.plist */,
				870BA57E2BA2E53800C1E558 /* MVC.xcdatamodeld */,
				870BA58C2BA2E61A00C1E558 /* ExampleView.swift */,
			);
			path = MVC;
			sourceTree = "<group>";
		};
/* End PBXGroup section */

/* Begin PBXNativeTarget section */
		870BA5712BA2E53800C1E558 /* MVC */ = {
			isa = PBXNativeTarget;
			buildConfigurationList = 870BA5892BA2E53800C1E558 /* Build configuration list for PBXNativeTarget "MVC" */;
			buildPhases = (
				870BA56E2BA2E53800C1E558 /* Sources */,
				870BA56F2BA2E53800C1E558 /* Frameworks */,
				870BA5702BA2E53800C1E558 /* Resources */,
			);
			buildRules = (
			);
			dependencies = (
			);
			name = MVC;
			productName = MVC;
			productReference = 870BA5722BA2E53800C1E558 /* MVC.app */;
			productType = "com.apple.product-type.application";
		};
/* End PBXNativeTarget section */

/* Begin PBXProject section */
		870BA56A2BA2E53700C1E558 /* Project object */ = {
			isa = PBXProject;
			attributes = {
				BuildIndependentTargetsInParallel = 1;
				LastSwiftUpdateCheck = 1530;
				LastUpgradeCheck = 1530;
				TargetAttributes = {
					870BA5712BA2E53800C1E558 = {
						CreatedOnToolsVersion = 15.3;
					};
				};
			};
			buildConfigurationList = 870BA56D2BA2E53700C1E558 /* Build configuration list for PBXProject "MVC" */;
			compatibilityVersion = "Xcode 14.0";
			developmentRegion = en;
			hasScannedForEncodings = 0;
			knownRegions = (
				en,
				Base,
			);
			mainGroup = 870BA5692BA2E53700C1E558;
			productRefGroup = 870BA5732BA2E53800C1E558 /* Products */;
			projectDirPath = "";
			projectRoot = "";
			targets = (
				870BA5712BA2E53800C1E558 /* MVC */,
			);
		};
/* End PBXProject section */

/* Begin PBXResourcesBuildPhase section */
		870BA5702BA2E53800C1E558 /* Resources */ = {
			isa = PBXResourcesBuildPhase;
			buildActionMask = 2147483647;
			files = (
				870BA5822BA2E53800C1E558 /* Assets.xcassets in Resources */,
				870BA5852BA2E53800C1E558 /* Base in Resources */,
				870BA57D2BA2E53800C1E558 /* Base in Resources */,
			);
			runOnlyForDeploymentPostprocessing = 0;
		};
/* End PBXResourcesBuildPhase section */

/* Begin PBXSourcesBuildPhase section */
		870BA56E2BA2E53800C1E558 /* Sources */ = {
			isa = PBXSourcesBuildPhase;
			buildActionMask = 2147483647;
			files = (
				870BA57A2BA2E53800C1E558 /* ViewController.swift in Sources */,
				870BA5762BA2E53800C1E558 /* AppDelegate.swift in Sources */,
				870BA5802BA2E53800C1E558 /* MVC.xcdatamodeld in Sources */,
				870BA5782BA2E53800C1E558 /* SceneDelegate.swift in Sources */,
				870BA58D2BA2E61A00C1E558 /* ExampleView.swift in Sources */,
			);
			runOnlyForDeploymentPostprocessing = 0;
		};
/* End PBXSourcesBuildPhase section */

/* Begin PBXVariantGroup section */
		870BA57B2BA2E53800C1E558 /* Main.storyboard */ = {
			isa = PBXVariantGroup;
			children = (
				870BA57C2BA2E53800C1E558 /* Base */,
			);
			name = Main.storyboard;
			sourceTree = "<group>";
		};
		870BA5832BA2E53800C1E558 /* LaunchScreen.storyboard */ = {
			isa = PBXVariantGroup;
			children = (
				870BA5842BA2E53800C1E558 /* Base */,
			);
			name = LaunchScreen.storyboard;
			sourceTree = "<group>";
		};
/* End PBXVariantGroup section */

/* Begin XCBuildConfiguration section */
		870BA5872BA2E53800C1E558 /* Debug */ = {
			isa = XCBuildConfiguration;
			buildSettings = {
				ALWAYS_SEARCH_USER_PATHS = NO;
				ASSETCATALOG_COMPILER_GENERATE_SWIFT_ASSET_SYMBOL_EXTENSIONS = YES;
				CLANG_ANALYZER_NONNULL = YES;
				CLANG_ANALYZER_NUMBER_OBJECT_CONVERSION = YES_AGGRESSIVE;
				CLANG_CXX_LANGUAGE_STANDARD = "gnu++20";
				CLANG_ENABLE_MODULES = YES;
				CLANG_ENABLE_OBJC_ARC = YES;
				CLANG_ENABLE_OBJC_WEAK = YES;
				CLANG_WARN_BLOCK_CAPTURE_AUTORELEASING = YES;
				CLANG_WARN_BOOL_CONVERSION = YES;
				CLANG_WARN_COMMA = YES;
				CLANG_WARN_CONSTANT_CONVERSION = YES;
				CLANG_WARN_DEPRECATED_OBJC_IMPLEMENTATIONS = YES;
				CLANG_WARN_DIRECT_OBJC_ISA_USAGE = YES_ERROR;
				CLANG_WARN_DOCUMENTATION_COMMENTS = YES;
				CLANG_WARN_EMPTY_BODY = YES;
				CLANG_WARN_ENUM_CONVERSION = YES;
				CLANG_WARN_INFINITE_RECURSION = YES;
				CLANG_WARN_INT_CONVERSION = YES;
				CLANG_WARN_NON_LITERAL_NULL_CONVERSION = YES;
				CLANG_WARN_OBJC_IMPLICIT_RETAIN_SELF = YES;
				CLANG_WARN_OBJC_LITERAL_CONVERSION = YES;
				CLANG_WARN_OBJC_ROOT_CLASS = YES_ERROR;
				CLANG_WARN_QUOTED_INCLUDE_IN_FRAMEWORK_HEADER = YES;
				CLANG_WARN_RANGE_LOOP_ANALYSIS = YES;
				CLANG_WARN_STRICT_PROTOTYPES = YES;
				CLANG_WARN_SUSPICIOUS_MOVE = YES;
				CLANG_WARN_UNGUARDED_AVAILABILITY = YES_AGGRESSIVE;
				CLANG_WARN_UNREACHABLE_CODE = YES;
				CLANG_WARN__DUPLICATE_METHOD_MATCH = YES;
				COPY_PHASE_STRIP = NO;
				DEBUG_INFORMATION_FORMAT = dwarf;
				ENABLE_STRICT_OBJC_MSGSEND = YES;
				ENABLE_TESTABILITY = YES;
				ENABLE_USER_SCRIPT_SANDBOXING = YES;
				GCC_C_LANGUAGE_STANDARD = gnu17;
				GCC_DYNAMIC_NO_PIC = NO;
				GCC_NO_COMMON_BLOCKS = YES;
				GCC_OPTIMIZATION_LEVEL = 0;
				GCC_PREPROCESSOR_DEFINITIONS = (
					"DEBUG=1",
					"$(inherited)",
				);
				GCC_WARN_64_TO_32_BIT_CONVERSION = YES;
				GCC_WARN_ABOUT_RETURN_TYPE = YES_ERROR;
				GCC_WARN_UNDECLARED_SELECTOR = YES;
				GCC_WARN_UNINITIALIZED_AUTOS = YES_AGGRESSIVE;
				GCC_WARN_UNUSED_FUNCTION = YES;
				GCC_WARN_UNUSED_VARIABLE = YES;
				IPHONEOS_DEPLOYMENT_TARGET = 17.4;
				LOCALIZATION_PREFERS_STRING_CATALOGS = YES;
				MTL_ENABLE_DEBUG_INFO = INCLUDE_SOURCE;
				MTL_FAST_MATH = YES;
				ONLY_ACTIVE_ARCH = YES;
				SDKROOT = iphoneos;
				SWIFT_ACTIVE_COMPILATION_CONDITIONS = "DEBUG $(inherited)";
				SWIFT_OPTIMIZATION_LEVEL = "-Onone";
			};
			name = Debug;
		};
		870BA5882BA2E53800C1E558 /* Release */ = {
			isa = XCBuildConfiguration;
			buildSettings = {
				ALWAYS_SEARCH_USER_PATHS = NO;
				ASSETCATALOG_COMPILER_GENERATE_SWIFT_ASSET_SYMBOL_EXTENSIONS = YES;
				CLANG_ANALYZER_NONNULL = YES;
				CLANG_ANALYZER_NUMBER_OBJECT_CONVERSION = YES_AGGRESSIVE;
				CLANG_CXX_LANGUAGE_STANDARD = "gnu++20";
				CLANG_ENABLE_MODULES = YES;
				CLANG_ENABLE_OBJC_ARC = YES;
				CLANG_ENABLE_OBJC_WEAK = YES;
				CLANG_WARN_BLOCK_CAPTURE_AUTORELEASING = YES;
				CLANG_WARN_BOOL_CONVERSION = YES;
				CLANG_WARN_COMMA = YES;
				CLANG_WARN_CONSTANT_CONVERSION = YES;
				CLANG_WARN_DEPRECATED_OBJC_IMPLEMENTATIONS = YES;
				CLANG_WARN_DIRECT_OBJC_ISA_USAGE = YES_ERROR;
				CLANG_WARN_DOCUMENTATION_COMMENTS = YES;
				CLANG_WARN_EMPTY_BODY = YES;
				CLANG_WARN_ENUM_CONVERSION = YES;
				CLANG_WARN_INFINITE_RECURSION = YES;
				CLANG_WARN_INT_CONVERSION = YES;
				CLANG_WARN_NON_LITERAL_NULL_CONVERSION = YES;
				CLANG_WARN_OBJC_IMPLICIT_RETAIN_SELF = YES;
				CLANG_WARN_OBJC_LITERAL_CONVERSION = YES;
				CLANG_WARN_OBJC_ROOT_CLASS = YES_ERROR;
				CLANG_WARN_QUOTED_INCLUDE_IN_FRAMEWORK_HEADER = YES;
				CLANG_WARN_RANGE_LOOP_ANALYSIS = YES;
				CLANG_WARN_STRICT_PROTOTYPES = YES;
				CLANG_WARN_SUSPICIOUS_MOVE = YES;
				CLANG_WARN_UNGUARDED_AVAILABILITY = YES_AGGRESSIVE;
				CLANG_WARN_UNREACHABLE_CODE = YES;
				CLANG_WARN__DUPLICATE_METHOD_MATCH = YES;
				COPY_PHASE_STRIP = NO;
				DEBUG_INFORMATION_FORMAT = "dwarf-with-dsym";
				ENABLE_NS_ASSERTIONS = NO;
				ENABLE_STRICT_OBJC_MSGSEND = YES;
				ENABLE_USER_SCRIPT_SANDBOXING = YES;
				GCC_C_LANGUAGE_STANDARD = gnu17;
				GCC_NO_COMMON_BLOCKS = YES;
				GCC_WARN_64_TO_32_BIT_CONVERSION = YES;
				GCC_WARN_ABOUT_RETURN_TYPE = YES_ERROR;
				GCC_WARN_UNDECLARED_SELECTOR = YES;
				GCC_WARN_UNINITIALIZED_AUTOS = YES_AGGRESSIVE;
				GCC_WARN_UNUSED_FUNCTION = YES;
				GCC_WARN_UNUSED_VARIABLE = YES;
				IPHONEOS_DEPLOYMENT_TARGET = 17.4;
				LOCALIZATION_PREFERS_STRING_CATALOGS = YES;
				MTL_ENABLE_DEBUG_INFO = NO;
				MTL_FAST_MATH = YES;
				SDKROOT = iphoneos;
				SWIFT_COMPILATION_MODE = wholemodule;
				VALIDATE_PRODUCT = YES;
			};
			name = Release;
		};
		870BA58A2BA2E53800C1E558 /* Debug */ = {
			isa = XCBuildConfiguration;
			buildSettings = {
				ASSETCATALOG_COMPILER_APPICON_NAME = AppIcon;
				ASSETCATALOG_COMPILER_GLOBAL_ACCENT_COLOR_NAME = AccentColor;
				CODE_SIGN_STYLE = Automatic;
				CURRENT_PROJECT_VERSION = 1;
				DEVELOPMENT_TEAM = 2FX323KNBX;
				GENERATE_INFOPLIST_FILE = YES;
				INFOPLIST_FILE = MVC/Info.plist;
				INFOPLIST_KEY_UIApplicationSupportsIndirectInputEvents = YES;
				INFOPLIST_KEY_UILaunchStoryboardName = LaunchScreen;
				INFOPLIST_KEY_UIMainStoryboardFile = Main;
				INFOPLIST_KEY_UISupportedInterfaceOrientations_iPad = "UIInterfaceOrientationPortrait UIInterfaceOrientationPortraitUpsideDown UIInterfaceOrientationLandscapeLeft UIInterfaceOrientationLandscapeRight";
				INFOPLIST_KEY_UISupportedInterfaceOrientations_iPhone = "UIInterfaceOrientationPortrait UIInterfaceOrientationLandscapeLeft UIInterfaceOrientationLandscapeRight";
				LD_RUNPATH_SEARCH_PATHS = (
					"$(inherited)",
					"@executable_path/Frameworks",
				);
				MARKETING_VERSION = 1.0;
				PRODUCT_BUNDLE_IDENTIFIER = com.appchannel.MVC;
				PRODUCT_NAME = "$(TARGET_NAME)";
				SWIFT_EMIT_LOC_STRINGS = YES;
				SWIFT_VERSION = 5.0;
				TARGETED_DEVICE_FAMILY = "1,2";
			};
			name = Debug;
		};
		870BA58B2BA2E53800C1E558 /* Release */ = {
			isa = XCBuildConfiguration;
			buildSettings = {
				ASSETCATALOG_COMPILER_APPICON_NAME = AppIcon;
				ASSETCATALOG_COMPILER_GLOBAL_ACCENT_COLOR_NAME = AccentColor;
				CODE_SIGN_STYLE = Automatic;
				CURRENT_PROJECT_VERSION = 1;
				DEVELOPMENT_TEAM = 2FX323KNBX;
				GENERATE_INFOPLIST_FILE = YES;
				INFOPLIST_FILE = MVC/Info.plist;
				INFOPLIST_KEY_UIApplicationSupportsIndirectInputEvents = YES;
				INFOPLIST_KEY_UILaunchStoryboardName = LaunchScreen;
				INFOPLIST_KEY_UIMainStoryboardFile = Main;
				INFOPLIST_KEY_UISupportedInterfaceOrientations_iPad = "UIInterfaceOrientationPortrait UIInterfaceOrientationPortraitUpsideDown UIInterfaceOrientationLandscapeLeft UIInterfaceOrientationLandscapeRight";
				INFOPLIST_KEY_UISupportedInterfaceOrientations_iPhone = "UIInterfaceOrientationPortrait UIInterfaceOrientationLandscapeLeft UIInterfaceOrientationLandscapeRight";
				LD_RUNPATH_SEARCH_PATHS = (
					"$(inherited)",
					"@executable_path/Frameworks",
				);
				MARKETING_VERSION = 1.0;
				PRODUCT_BUNDLE_IDENTIFIER = com.appchannel.MVC;
				PRODUCT_NAME = "$(TARGET_NAME)";
				SWIFT_EMIT_LOC_STRINGS = YES;
				SWIFT_VERSION = 5.0;
				TARGETED_DEVICE_FAMILY = "1,2";
			};
			name = Release;
		};
/* End XCBuildConfiguration section */

/* Begin XCConfigurationList section */
		870BA56D2BA2E53700C1E558 /* Build configuration list for PBXProject "MVC" */ = {
			isa = XCConfigurationList;
			buildConfigurations = (
				870BA5872BA2E53800C1E558 /* Debug */,
				870BA5882BA2E53800C1E558 /* Release */,
			);
			defaultConfigurationIsVisible = 0;
			defaultConfigurationName = Release;
		};
		870BA5892BA2E53800C1E558 /* Build configuration list for PBXNativeTarget "MVC" */ = {
			isa = XCConfigurationList;
			buildConfigurations = (
				870BA58A2BA2E53800C1E558 /* Debug */,
				870BA58B2BA2E53800C1E558 /* Release */,
			);
			defaultConfigurationIsVisible = 0;
			defaultConfigurationName = Release;
		};
/* End XCConfigurationList section */

/* Begin XCVersionGroup section */
		870BA57E2BA2E53800C1E558 /* MVC.xcdatamodeld */ = {
			isa = XCVersionGroup;
			children = (
				870BA57F2BA2E53800C1E558 /* MVC.xcdatamodel */,
			);
			currentVersion = 870BA57F2BA2E53800C1E558 /* MVC.xcdatamodel */;
			path = MVC.xcdatamodeld;
			sourceTree = "<group>";
			versionGroupType = wrapper.xcdatamodel;
		};
/* End XCVersionGroup section */
	};
	rootObject = 870BA56A2BA2E53700C1E558 /* Project object */;
}
